<Solution Description="Visual Studio slnx file generated by Premake" Version="1.4">
  <Configurations>
    <BuildType Name="Debug" />
    <BuildType Name="Release" />
    <Platform Name="x64" />
  </Configurations>
  <Project Path="App\App.vcxproj" Id="46D6870B-B2DF-877C-3B5B-9E7CA763937C" DefaultStartup="true">
    <BuildDependency Project="core\Core.vcxproj" />
  </Project>
  <Project Path="core\Core.vcxproj" Id="2EB4837C-1AEB-840D-C3D7-6A10AFED000F">
  </Project>
</Solution>